
Microsoft Visual Studio Solution File, Format Version 12.00
# Visual Studio Version 17
Project("{8BC9CEB8-8B4A-11D0-8D11-00A0C91BC942}") = "ALL_BUILD", "ALL_BUILD.vcxproj", "{05F9BF5E-3A3A-3CCC-89C5-5991278F2742}"
	ProjectSection(ProjectDependencies) = postProject
		{E5B59C80-88ED-3D76-A1BE-C4797C4C3035} = {E5B59C80-88ED-3D76-A1BE-C4797C4C3035}
	EndProjectSection
EndProject
Project("{8BC9CEB8-8B4A-11D0-8D11-00A0C91BC942}") = "Project", "Project.vcxproj", "{E5B59C80-88ED-3D76-A1BE-C4797C4C3035}"
	ProjectSection(ProjectDependencies) = postProject
	EndProjectSection
EndProject
Global
	GlobalSection(SolutionConfigurationPlatforms) = preSolution
		Debug|x64 = Debug|x64
		Release|x64 = Release|x64
		MinSizeRel|x64 = MinSizeRel|x64
		RelWithDebInfo|x64 = RelWithDebInfo|x64
	EndGlobalSection
	GlobalSection(ProjectConfigurationPlatforms) = postSolution
		{05F9BF5E-3A3A-3CCC-89C5-5991278F2742}.Debug|x64.ActiveCfg = Debug|x64
		{05F9BF5E-3A3A-3CCC-89C5-5991278F2742}.Release|x64.ActiveCfg = Release|x64
		{05F9BF5E-3A3A-3CCC-89C5-5991278F2742}.MinSizeRel|x64.ActiveCfg = MinSizeRel|x64
		{05F9BF5E-3A3A-3CCC-89C5-5991278F2742}.RelWithDebInfo|x64.ActiveCfg = RelWithDebInfo|x64
		{E5B59C80-88ED-3D76-A1BE-C4797C4C3035}.Debug|x64.ActiveCfg = Debug|x64
		{E5B59C80-88ED-3D76-A1BE-C4797C4C3035}.Debug|x64.Build.0 = Debug|x64
		{E5B59C80-88ED-3D76-A1BE-C4797C4C3035}.Release|x64.ActiveCfg = Release|x64
		{E5B59C80-88ED-3D76-A1BE-C4797C4C3035}.Release|x64.Build.0 = Release|x64
		{E5B59C80-88ED-3D76-A1BE-C4797C4C3035}.MinSizeRel|x64.ActiveCfg = MinSizeRel|x64
		{E5B59C80-88ED-3D76-A1BE-C4797C4C3035}.MinSizeRel|x64.Build.0 = MinSizeRel|x64
		{E5B59C80-88ED-3D76-A1BE-C4797C4C3035}.RelWithDebInfo|x64.ActiveCfg = RelWithDebInfo|x64
		{E5B59C80-88ED-3D76-A1BE-C4797C4C3035}.RelWithDebInfo|x64.Build.0 = RelWithDebInfo|x64
	EndGlobalSection
	GlobalSection(ExtensibilityGlobals) = postSolution
		SolutionGuid = {99B39C33-A8E4-3B52-84E5-8ADA91715A1E}
	EndGlobalSection
	GlobalSection(ExtensibilityAddIns) = postSolution
	EndGlobalSection
EndGlobal
