<?xml version="1.0" encoding="utf-8"?>
<Project ToolsVersion="17.0" xmlns="http://schemas.microsoft.com/developer/msbuild/2003">
  <ItemGroup>
    <ClCompile Include="F:\programming\terminalThing\Libraries\Terminal\Terminal.cpp">
      <Filter>Source Files</Filter>
    </ClCompile>
  </ItemGroup>
  <ItemGroup>
    <ClInclude Include="F:\programming\terminalThing\Libraries\Terminal\Headers\Terminal.hpp">
      <Filter>Header Files</Filter>
    </ClInclude>
  </ItemGroup>
  <ItemGroup>
    <CustomBuild Include="F:\programming\terminalThing\Libraries\Terminal\CMakeLists.txt" />
  </ItemGroup>
  <ItemGroup>
    <Filter Include="Header Files">
      <UniqueIdentifier>{9D884151-A692-328D-8152-7498C7B85D71}</UniqueIdentifier>
    </Filter>
    <Filter Include="Source Files">
      <UniqueIdentifier>{430B1516-4367-383D-A8BA-A9A2F2742007}</UniqueIdentifier>
    </Filter>
  </ItemGroup>
</Project>
